
Microsoft Visual Studio Solution File, Format Version 12.00
# Visual Studio 2012
Project("{FAE04EC0-301F-11D3-BF4B-00C04F79EFBC}") = "BluOneTestMVC", "BluOneTestMVC\BluOneTestMVC.csproj", "{EA080016-C880-4F59-B259-8556CA7BE5B9}"
EndProject
Global
	GlobalSection(SolutionConfigurationPlatforms) = preSolution
		Debug|Any CPU = Debug|Any CPU
		Release|Any CPU = Release|Any CPU
	EndGlobalSection
	GlobalSection(ProjectConfigurationPlatforms) = postSolution
		{EA080016-C880-4F59-B259-8556CA7BE5B9}.Debug|Any CPU.ActiveCfg = Debug|Any CPU
		{EA080016-C880-4F59-B259-8556CA7BE5B9}.Debug|Any CPU.Build.0 = Debug|Any CPU
		{EA080016-C880-4F59-B259-8556CA7BE5B9}.Release|Any CPU.ActiveCfg = Release|Any CPU
		{EA080016-C880-4F59-B259-8556CA7BE5B9}.Release|Any CPU.Build.0 = Release|Any CPU
	EndGlobalSection
	GlobalSection(SolutionProperties) = preSolution
		HideSolutionNode = FALSE
	EndGlobalSection
EndGlobal
